
Microsoft Visual Studio Solution File, Format Version 12.00
# Visual Studio Version 17
VisualStudioVersion = 17.5.002.0
MinimumVisualStudioVersion = 10.0.40219.1
Project("{9A19103F-16F7-4668-BE54-9A1E7A4F7556}") = "ECommerce.Bootstrapper", "ECommerce.Bootstrapper\ECommerce.Bootstrapper.csproj", "{4436D094-AF3B-4272-ACA8-73A74A7F6198}"
EndProject
Global
	GlobalSection(SolutionConfigurationPlatforms) = preSolution
		Debug|Any CPU = Debug|Any CPU
		Release|Any CPU = Release|Any CPU
	EndGlobalSection
	GlobalSection(ProjectConfigurationPlatforms) = postSolution
		{4436D094-AF3B-4272-ACA8-73A74A7F6198}.Debug|Any CPU.ActiveCfg = Debug|Any CPU
		{4436D094-AF3B-4272-ACA8-73A74A7F6198}.Debug|Any CPU.Build.0 = Debug|Any CPU
		{4436D094-AF3B-4272-ACA8-73A74A7F6198}.Release|Any CPU.ActiveCfg = Release|Any CPU
		{4436D094-AF3B-4272-ACA8-73A74A7F6198}.Release|Any CPU.Build.0 = Release|Any CPU
	EndGlobalSection
	GlobalSection(SolutionProperties) = preSolution
		HideSolutionNode = FALSE
	EndGlobalSection
	GlobalSection(ExtensibilityGlobals) = postSolution
		SolutionGuid = {823B9205-8AFA-4D8C-9C1B-E89B1D6A32A7}
	EndGlobalSection
EndGlobal
