
Microsoft Visual Studio Solution File, Format Version 12.00
# Visual Studio Version 17
VisualStudioVersion = 17.0.31903.59
MinimumVisualStudioVersion = 10.0.40219.1
Project("{2150E333-8FDC-42A3-9474-1A3956D46DE8}") = "src", "src", "{E1BC6C20-35E9-4E90-9F02-C57E3DEDE2FB}"
EndProject
Project("{2150E333-8FDC-42A3-9474-1A3956D46DE8}") = "Bootstrapper", "Bootstrapper", "{7DAB6A2B-3D79-4369-A019-F6F163072AD4}"
EndProject
Project("{2150E333-8FDC-42A3-9474-1A3956D46DE8}") = "Modules", "Modules", "{CA472331-B9CB-4A30-B8B0-B978A5E0DA5A}"
EndProject
Project("{2150E333-8FDC-42A3-9474-1A3956D46DE8}") = "Shared", "Shared", "{E5F4F076-864A-49FA-A409-58B66120224E}"
EndProject
Project("{2150E333-8FDC-42A3-9474-1A3956D46DE8}") = "tests", "tests", "{96E82381-413B-4365-8AAB-9BB4A650EA38}"
EndProject
Project("{FAE04EC0-301F-11D3-BF4B-00C04F79EFBC}") = "ECommerce.Bootstrapper", "src\Bootstrapper\ECommerce.Bootstrapper\ECommerce.Bootstrapper.csproj", "{31366342-75ED-4681-8FE0-A4C8F00C9A48}"
EndProject
Project("{FAE04EC0-301F-11D3-BF4B-00C04F79EFBC}") = "ECommerce.Shared.Abstractions", "src\Shared\ECommerce.Shared.Abstractions\ECommerce.Shared.Abstractions.csproj", "{4623D3A1-9B59-42C3-9AEC-334426B8B770}"
EndProject
Project("{FAE04EC0-301F-11D3-BF4B-00C04F79EFBC}") = "ECommerce.Shared.Infrastructure", "src\Shared\ECommerce.Shared.Infrastructure\ECommerce.Shared.Infrastructure.csproj", "{1001B2FE-FFA6-4662-8DB8-D2E2378A7CB7}"
EndProject
Project("{2150E333-8FDC-42A3-9474-1A3956D46DE8}") = "Products", "Products", "{DB022BE9-F8CA-40DF-A9B5-A2DF7D431589}"
EndProject
Project("{FAE04EC0-301F-11D3-BF4B-00C04F79EFBC}") = "ECommerce.Modules.Products.Core", "src\Modules\Products\ECommerce.Modules.Products.Core\ECommerce.Modules.Products.Core.csproj", "{0B40EA60-EE0D-4B5C-90A3-EEE9A82339AE}"
EndProject
Project("{FAE04EC0-301F-11D3-BF4B-00C04F79EFBC}") = "ECommerce.Modules.Products.Api", "src\Modules\Products\ECommerce.Modules.Products.Api\ECommerce.Modules.Products.Api.csproj", "{6A88AA04-39B7-406C-BE84-A294F3BC6DB8}"
EndProject
Project("{FAE04EC0-301F-11D3-BF4B-00C04F79EFBC}") = "ECommerce.Modules.Products.UnitTests", "tests\Modules\Products\ECommerce.Modules.Products.UnitTests\ECommerce.Modules.Products.UnitTests.csproj", "{E7F82EC2-80F7-4D61-ABDB-8FF0BCD1F901}"
EndProject
Project("{2150E333-8FDC-42A3-9474-1A3956D46DE8}") = "Reviews", "Reviews", "{54445726-1E83-43E3-BFA1-2563E9F52B65}"
EndProject
Project("{FAE04EC0-301F-11D3-BF4B-00C04F79EFBC}") = "ECommerce.Modules.Reviews.Core", "src\Modules\Reviews\ECommerce.Modules.Reviews.Core\ECommerce.Modules.Reviews.Core.csproj", "{8373810F-4F3B-468C-8384-7CAB105FA2DA}"
EndProject
Project("{FAE04EC0-301F-11D3-BF4B-00C04F79EFBC}") = "ECommerce.Modules.Reviews.Api", "src\Modules\Reviews\ECommerce.Modules.Reviews.Api\ECommerce.Modules.Reviews.Api.csproj", "{52EFE6B5-3440-4248-9067-434D164DA353}"
EndProject
Project("{FAE04EC0-301F-11D3-BF4B-00C04F79EFBC}") = "ECommerce.Modules.Reviews.UnitTests", "tests\Modules\Reviews\ECommerce.Modules.Reviews.UnitTests\ECommerce.Modules.Reviews.UnitTests.csproj", "{9032411C-D420-4D81-A4B2-2F4392938D71}"
EndProject
Project("{2150E333-8FDC-42A3-9474-1A3956D46DE8}") = "Discounts", "Discounts", "{FB9791EA-938B-41E5-AB56-67FFA1135B11}"
EndProject
Project("{FAE04EC0-301F-11D3-BF4B-00C04F79EFBC}") = "ECommerce.Modules.Discounts.Core", "src\Modules\Discounts\ECommerce.Modules.Discounts.Core\ECommerce.Modules.Discounts.Core.csproj", "{74E5D7D9-F09A-4D68-99FB-723BB299F90F}"
EndProject
Project("{FAE04EC0-301F-11D3-BF4B-00C04F79EFBC}") = "ECommerce.Modules.Discounts.Api", "src\Modules\Discounts\ECommerce.Modules.Discounts.Api\ECommerce.Modules.Discounts.Api.csproj", "{2DC1A23E-566D-4946-A950-A9D4ED3C1FC9}"
EndProject
Project("{FAE04EC0-301F-11D3-BF4B-00C04F79EFBC}") = "ECommerce.Modules.Discounts.UnitTests", "tests\Modules\Discounts\ECommerce.Modules.Discounts.UnitTests\ECommerce.Modules.Discounts.UnitTests.csproj", "{37A45B54-5E12-42B1-88D5-41EA1AC3ECA1}"
EndProject
Project("{2150E333-8FDC-42A3-9474-1A3956D46DE8}") = "Users", "Users", "{D009FE52-BE35-40BE-B197-F38C62C4CFC7}"
EndProject
Project("{FAE04EC0-301F-11D3-BF4B-00C04F79EFBC}") = "ECommerce.Modules.Users.Core", "src\Modules\Users\ECommerce.Modules.Users.Core\ECommerce.Modules.Users.Core.csproj", "{0251B638-90A1-45C2-8953-81F593CE8B92}"
EndProject
Project("{FAE04EC0-301F-11D3-BF4B-00C04F79EFBC}") = "ECommerce.Modules.Users.Api", "src\Modules\Users\ECommerce.Modules.Users.Api\ECommerce.Modules.Users.Api.csproj", "{2B2A74F5-13BE-4277-A77C-8EF8CA6CB88F}"
EndProject
Global
	GlobalSection(SolutionConfigurationPlatforms) = preSolution
		Debug|Any CPU = Debug|Any CPU
		Release|Any CPU = Release|Any CPU
	EndGlobalSection
	GlobalSection(SolutionProperties) = preSolution
		HideSolutionNode = FALSE
	EndGlobalSection
	GlobalSection(NestedProjects) = preSolution
		{7DAB6A2B-3D79-4369-A019-F6F163072AD4} = {E1BC6C20-35E9-4E90-9F02-C57E3DEDE2FB}
		{CA472331-B9CB-4A30-B8B0-B978A5E0DA5A} = {E1BC6C20-35E9-4E90-9F02-C57E3DEDE2FB}
		{E5F4F076-864A-49FA-A409-58B66120224E} = {E1BC6C20-35E9-4E90-9F02-C57E3DEDE2FB}
		{31366342-75ED-4681-8FE0-A4C8F00C9A48} = {7DAB6A2B-3D79-4369-A019-F6F163072AD4}
		{4623D3A1-9B59-42C3-9AEC-334426B8B770} = {E5F4F076-864A-49FA-A409-58B66120224E}
		{1001B2FE-FFA6-4662-8DB8-D2E2378A7CB7} = {E5F4F076-864A-49FA-A409-58B66120224E}
		{DB022BE9-F8CA-40DF-A9B5-A2DF7D431589} = {CA472331-B9CB-4A30-B8B0-B978A5E0DA5A}
		{0B40EA60-EE0D-4B5C-90A3-EEE9A82339AE} = {DB022BE9-F8CA-40DF-A9B5-A2DF7D431589}
		{6A88AA04-39B7-406C-BE84-A294F3BC6DB8} = {DB022BE9-F8CA-40DF-A9B5-A2DF7D431589}
		{E7F82EC2-80F7-4D61-ABDB-8FF0BCD1F901} = {DB022BE9-F8CA-40DF-A9B5-A2DF7D431589}
		{54445726-1E83-43E3-BFA1-2563E9F52B65} = {CA472331-B9CB-4A30-B8B0-B978A5E0DA5A}
		{8373810F-4F3B-468C-8384-7CAB105FA2DA} = {54445726-1E83-43E3-BFA1-2563E9F52B65}
		{52EFE6B5-3440-4248-9067-434D164DA353} = {54445726-1E83-43E3-BFA1-2563E9F52B65}
		{9032411C-D420-4D81-A4B2-2F4392938D71} = {54445726-1E83-43E3-BFA1-2563E9F52B65}
		{FB9791EA-938B-41E5-AB56-67FFA1135B11} = {CA472331-B9CB-4A30-B8B0-B978A5E0DA5A}
		{74E5D7D9-F09A-4D68-99FB-723BB299F90F} = {FB9791EA-938B-41E5-AB56-67FFA1135B11}
		{2DC1A23E-566D-4946-A950-A9D4ED3C1FC9} = {FB9791EA-938B-41E5-AB56-67FFA1135B11}
		{37A45B54-5E12-42B1-88D5-41EA1AC3ECA1} = {FB9791EA-938B-41E5-AB56-67FFA1135B11}
		{D009FE52-BE35-40BE-B197-F38C62C4CFC7} = {CA472331-B9CB-4A30-B8B0-B978A5E0DA5A}
		{0251B638-90A1-45C2-8953-81F593CE8B92} = {D009FE52-BE35-40BE-B197-F38C62C4CFC7}
		{2B2A74F5-13BE-4277-A77C-8EF8CA6CB88F} = {D009FE52-BE35-40BE-B197-F38C62C4CFC7}
	EndGlobalSection
	GlobalSection(ProjectConfigurationPlatforms) = postSolution
		{31366342-75ED-4681-8FE0-A4C8F00C9A48}.Debug|Any CPU.ActiveCfg = Debug|Any CPU
		{31366342-75ED-4681-8FE0-A4C8F00C9A48}.Debug|Any CPU.Build.0 = Debug|Any CPU
		{31366342-75ED-4681-8FE0-A4C8F00C9A48}.Release|Any CPU.ActiveCfg = Release|Any CPU
		{31366342-75ED-4681-8FE0-A4C8F00C9A48}.Release|Any CPU.Build.0 = Release|Any CPU
		{4623D3A1-9B59-42C3-9AEC-334426B8B770}.Debug|Any CPU.ActiveCfg = Debug|Any CPU
		{4623D3A1-9B59-42C3-9AEC-334426B8B770}.Debug|Any CPU.Build.0 = Debug|Any CPU
		{4623D3A1-9B59-42C3-9AEC-334426B8B770}.Release|Any CPU.ActiveCfg = Release|Any CPU
		{4623D3A1-9B59-42C3-9AEC-334426B8B770}.Release|Any CPU.Build.0 = Release|Any CPU
		{1001B2FE-FFA6-4662-8DB8-D2E2378A7CB7}.Debug|Any CPU.ActiveCfg = Debug|Any CPU
		{1001B2FE-FFA6-4662-8DB8-D2E2378A7CB7}.Debug|Any CPU.Build.0 = Debug|Any CPU
		{1001B2FE-FFA6-4662-8DB8-D2E2378A7CB7}.Release|Any CPU.ActiveCfg = Release|Any CPU
		{1001B2FE-FFA6-4662-8DB8-D2E2378A7CB7}.Release|Any CPU.Build.0 = Release|Any CPU
		{0B40EA60-EE0D-4B5C-90A3-EEE9A82339AE}.Debug|Any CPU.ActiveCfg = Debug|Any CPU
		{0B40EA60-EE0D-4B5C-90A3-EEE9A82339AE}.Debug|Any CPU.Build.0 = Debug|Any CPU
		{0B40EA60-EE0D-4B5C-90A3-EEE9A82339AE}.Release|Any CPU.ActiveCfg = Release|Any CPU
		{0B40EA60-EE0D-4B5C-90A3-EEE9A82339AE}.Release|Any CPU.Build.0 = Release|Any CPU
		{6A88AA04-39B7-406C-BE84-A294F3BC6DB8}.Debug|Any CPU.ActiveCfg = Debug|Any CPU
		{6A88AA04-39B7-406C-BE84-A294F3BC6DB8}.Debug|Any CPU.Build.0 = Debug|Any CPU
		{6A88AA04-39B7-406C-BE84-A294F3BC6DB8}.Release|Any CPU.ActiveCfg = Release|Any CPU
		{6A88AA04-39B7-406C-BE84-A294F3BC6DB8}.Release|Any CPU.Build.0 = Release|Any CPU
		{E7F82EC2-80F7-4D61-ABDB-8FF0BCD1F901}.Debug|Any CPU.ActiveCfg = Debug|Any CPU
		{E7F82EC2-80F7-4D61-ABDB-8FF0BCD1F901}.Debug|Any CPU.Build.0 = Debug|Any CPU
		{E7F82EC2-80F7-4D61-ABDB-8FF0BCD1F901}.Release|Any CPU.ActiveCfg = Release|Any CPU
		{E7F82EC2-80F7-4D61-ABDB-8FF0BCD1F901}.Release|Any CPU.Build.0 = Release|Any CPU
		{8373810F-4F3B-468C-8384-7CAB105FA2DA}.Debug|Any CPU.ActiveCfg = Debug|Any CPU
		{8373810F-4F3B-468C-8384-7CAB105FA2DA}.Debug|Any CPU.Build.0 = Debug|Any CPU
		{8373810F-4F3B-468C-8384-7CAB105FA2DA}.Release|Any CPU.ActiveCfg = Release|Any CPU
		{8373810F-4F3B-468C-8384-7CAB105FA2DA}.Release|Any CPU.Build.0 = Release|Any CPU
		{52EFE6B5-3440-4248-9067-434D164DA353}.Debug|Any CPU.ActiveCfg = Debug|Any CPU
		{52EFE6B5-3440-4248-9067-434D164DA353}.Debug|Any CPU.Build.0 = Debug|Any CPU
		{52EFE6B5-3440-4248-9067-434D164DA353}.Release|Any CPU.ActiveCfg = Release|Any CPU
		{52EFE6B5-3440-4248-9067-434D164DA353}.Release|Any CPU.Build.0 = Release|Any CPU
		{9032411C-D420-4D81-A4B2-2F4392938D71}.Debug|Any CPU.ActiveCfg = Debug|Any CPU
		{9032411C-D420-4D81-A4B2-2F4392938D71}.Debug|Any CPU.Build.0 = Debug|Any CPU
		{9032411C-D420-4D81-A4B2-2F4392938D71}.Release|Any CPU.ActiveCfg = Release|Any CPU
		{9032411C-D420-4D81-A4B2-2F4392938D71}.Release|Any CPU.Build.0 = Release|Any CPU
		{74E5D7D9-F09A-4D68-99FB-723BB299F90F}.Debug|Any CPU.ActiveCfg = Debug|Any CPU
		{74E5D7D9-F09A-4D68-99FB-723BB299F90F}.Debug|Any CPU.Build.0 = Debug|Any CPU
		{74E5D7D9-F09A-4D68-99FB-723BB299F90F}.Release|Any CPU.ActiveCfg = Release|Any CPU
		{74E5D7D9-F09A-4D68-99FB-723BB299F90F}.Release|Any CPU.Build.0 = Release|Any CPU
		{2DC1A23E-566D-4946-A950-A9D4ED3C1FC9}.Debug|Any CPU.ActiveCfg = Debug|Any CPU
		{2DC1A23E-566D-4946-A950-A9D4ED3C1FC9}.Debug|Any CPU.Build.0 = Debug|Any CPU
		{2DC1A23E-566D-4946-A950-A9D4ED3C1FC9}.Release|Any CPU.ActiveCfg = Release|Any CPU
		{2DC1A23E-566D-4946-A950-A9D4ED3C1FC9}.Release|Any CPU.Build.0 = Release|Any CPU
		{37A45B54-5E12-42B1-88D5-41EA1AC3ECA1}.Debug|Any CPU.ActiveCfg = Debug|Any CPU
		{37A45B54-5E12-42B1-88D5-41EA1AC3ECA1}.Debug|Any CPU.Build.0 = Debug|Any CPU
		{37A45B54-5E12-42B1-88D5-41EA1AC3ECA1}.Release|Any CPU.ActiveCfg = Release|Any CPU
		{37A45B54-5E12-42B1-88D5-41EA1AC3ECA1}.Release|Any CPU.Build.0 = Release|Any CPU
		{0251B638-90A1-45C2-8953-81F593CE8B92}.Debug|Any CPU.ActiveCfg = Debug|Any CPU
		{0251B638-90A1-45C2-8953-81F593CE8B92}.Debug|Any CPU.Build.0 = Debug|Any CPU
		{0251B638-90A1-45C2-8953-81F593CE8B92}.Release|Any CPU.ActiveCfg = Release|Any CPU
		{0251B638-90A1-45C2-8953-81F593CE8B92}.Release|Any CPU.Build.0 = Release|Any CPU
		{2B2A74F5-13BE-4277-A77C-8EF8CA6CB88F}.Debug|Any CPU.ActiveCfg = Debug|Any CPU
		{2B2A74F5-13BE-4277-A77C-8EF8CA6CB88F}.Debug|Any CPU.Build.0 = Debug|Any CPU
		{2B2A74F5-13BE-4277-A77C-8EF8CA6CB88F}.Release|Any CPU.ActiveCfg = Release|Any CPU
		{2B2A74F5-13BE-4277-A77C-8EF8CA6CB88F}.Release|Any CPU.Build.0 = Release|Any CPU
	EndGlobalSection
EndGlobal
